{
<<<<<<< HEAD
    "_readme": [
        "This file locks the dependencies of your project to a known state",
        "Read more about it at https://getcomposer.org/doc/01-basic-usage.md#installing-dependencies",
        "This file is @generated automatically"
    ],
    "content-hash": "28f6819ceaf40e5b84fb2d6caebe0ee3",
    "packages": [],
    "packages-dev": [],
    "aliases": [],
    "minimum-stability": "stable",
    "stability-flags": [],
    "prefer-stable": false,
    "prefer-lowest": false,
    "platform": {
        "php": "~7.4.3"
    },
    "platform-dev": [],
    "plugin-api-version": "1.1.0"
}
=======
	"packages": [
		{
			"name": "mongodb/mongodb",
			"version": "1.4.2",
			…
			"require": {
				"ext-hash": "*",
				"ext-json": "*",
				"ext-mongodb": "^1.5.0",
				"php": ">=5.5"
			}
		},
	],
	"platform": {
		"php": "~7.2",
		"ext-mbstring": "*",
		"ext-pq": "*"
	}
}
>>>>>>> fb59acfb5575ff0a184999fc3cf424ff0f18d895
